
Microsoft Visual Studio Solution File, Format Version 12.00
# Visual Studio 15
VisualStudioVersion = 15.0.26403.3
MinimumVisualStudioVersion = 10.0.40219.1
Project("{FAE04EC0-301F-11D3-BF4B-00C04F79EFBC}") = "BackendService", "BackendService\BackendService.csproj", "{DA117525-119B-4828-8C25-FA0B8706D369}"
EndProject
Project("{FAE04EC0-301F-11D3-BF4B-00C04F79EFBC}") = "AdventureWorks.DbModel", "AdventureWorks.DbModel\AdventureWorks.DbModel.csproj", "{81E96CDA-F8B3-4B85-A60D-4A3FE5B1C7B2}"
EndProject
Project("{FAE04EC0-301F-11D3-BF4B-00C04F79EFBC}") = "BackendService.Services", "BackendService.Services\BackendService.Services.csproj", "{A19CB8AB-F925-45EF-A6F7-FF579DDA2FE1}"
EndProject
Project("{FAE04EC0-301F-11D3-BF4B-00C04F79EFBC}") = "FileFunctions", "FileFunctions\FileFunctions.csproj", "{371BF744-D30A-48D2-9619-E3F6B3303DE4}"
EndProject
Global
	GlobalSection(SolutionConfigurationPlatforms) = preSolution
		Debug|Any CPU = Debug|Any CPU
		Release|Any CPU = Release|Any CPU
	EndGlobalSection
	GlobalSection(ProjectConfigurationPlatforms) = postSolution
		{DA117525-119B-4828-8C25-FA0B8706D369}.Debug|Any CPU.ActiveCfg = Debug|Any CPU
		{DA117525-119B-4828-8C25-FA0B8706D369}.Debug|Any CPU.Build.0 = Debug|Any CPU
		{DA117525-119B-4828-8C25-FA0B8706D369}.Release|Any CPU.ActiveCfg = Release|Any CPU
		{DA117525-119B-4828-8C25-FA0B8706D369}.Release|Any CPU.Build.0 = Release|Any CPU
		{81E96CDA-F8B3-4B85-A60D-4A3FE5B1C7B2}.Debug|Any CPU.ActiveCfg = Debug|Any CPU
		{81E96CDA-F8B3-4B85-A60D-4A3FE5B1C7B2}.Debug|Any CPU.Build.0 = Debug|Any CPU
		{81E96CDA-F8B3-4B85-A60D-4A3FE5B1C7B2}.Release|Any CPU.ActiveCfg = Release|Any CPU
		{81E96CDA-F8B3-4B85-A60D-4A3FE5B1C7B2}.Release|Any CPU.Build.0 = Release|Any CPU
		{A19CB8AB-F925-45EF-A6F7-FF579DDA2FE1}.Debug|Any CPU.ActiveCfg = Debug|Any CPU
		{A19CB8AB-F925-45EF-A6F7-FF579DDA2FE1}.Debug|Any CPU.Build.0 = Debug|Any CPU
		{A19CB8AB-F925-45EF-A6F7-FF579DDA2FE1}.Release|Any CPU.ActiveCfg = Release|Any CPU
		{A19CB8AB-F925-45EF-A6F7-FF579DDA2FE1}.Release|Any CPU.Build.0 = Release|Any CPU
		{371BF744-D30A-48D2-9619-E3F6B3303DE4}.Debug|Any CPU.ActiveCfg = Debug|Any CPU
		{371BF744-D30A-48D2-9619-E3F6B3303DE4}.Debug|Any CPU.Build.0 = Debug|Any CPU
		{371BF744-D30A-48D2-9619-E3F6B3303DE4}.Release|Any CPU.ActiveCfg = Release|Any CPU
		{371BF744-D30A-48D2-9619-E3F6B3303DE4}.Release|Any CPU.Build.0 = Release|Any CPU
	EndGlobalSection
	GlobalSection(SolutionProperties) = preSolution
		HideSolutionNode = FALSE
	EndGlobalSection
	GlobalSection(ExtensibilityGlobals) = postSolution
		SolutionGuid = {6D5F3B82-9252-4506-A09E-012D21FF82C4}
	EndGlobalSection
EndGlobal
